
Microsoft Visual Studio Solution File, Format Version 12.00
# Visual Studio Version 17
VisualStudioVersion = 17.1.32210.238
MinimumVisualStudioVersion = 10.0.40219.1
Project("{2150E333-8FDC-42A3-9474-1A3956D46DE8}") = "Libs", "Libs", "{EA75A3F0-1337-40B7-89E2-30DAB813D620}"
EndProject
Project("{2150E333-8FDC-42A3-9474-1A3956D46DE8}") = "Apps", "Apps", "{80AB0BBB-A15A-4D9F-B54F-B382808DD2F0}"
EndProject
Project("{9A19103F-16F7-4668-BE54-9A1E7A4F7556}") = "SharpLib", "libs\CommonLibs\SharpLib\SharpLib.csproj", "{C64F119E-C6E4-4532-88FD-125409453388}"
EndProject
Project("{9A19103F-16F7-4668-BE54-9A1E7A4F7556}") = "Server", "apps\Server\Server.csproj", "{5F729700-2058-4223-B311-A9AA2EC4D7BC}"
EndProject
Project("{9A19103F-16F7-4668-BE54-9A1E7A4F7556}") = "MathSharp", "libs\MathLibs\MathSharp\sources\MathSharp\MathSharp.csproj", "{027B5D66-3F84-4AED-98AD-ECB9A97D900A}"
EndProject
Project("{9A19103F-16F7-4668-BE54-9A1E7A4F7556}") = "geometry3Sharp_netstandard", "libs\MathLibs\geometry3Sharp\geometry3Sharp_netstandard.csproj", "{FA74AB35-B297-466F-B20C-A02A85E32449}"
EndProject
Project("{9A19103F-16F7-4668-BE54-9A1E7A4F7556}") = "SFML.Graphics", "libs\SFML.Net\src\SFML.Graphics\SFML.Graphics.csproj", "{6AE3AB23-DB90-45C8-9719-619731CB8DDC}"
EndProject
Project("{9A19103F-16F7-4668-BE54-9A1E7A4F7556}") = "SFML.Audio", "libs\SFML.Net\src\SFML.Audio\SFML.Audio.csproj", "{8F9C8553-C01A-4973-B542-122314639E8D}"
EndProject
Project("{9A19103F-16F7-4668-BE54-9A1E7A4F7556}") = "SFML.Net", "libs\SFML.Net\src\SFML.Net\SFML.Net.csproj", "{55BA7CB3-89D6-4D26-ACBD-CAB6370479EC}"
EndProject
Project("{9A19103F-16F7-4668-BE54-9A1E7A4F7556}") = "SFML.System", "libs\SFML.Net\src\SFML.System\SFML.System.csproj", "{7982A34B-126A-4E27-8878-013241AAE887}"
EndProject
Project("{9A19103F-16F7-4668-BE54-9A1E7A4F7556}") = "SFML.Window", "libs\SFML.Net\src\SFML.Window\SFML.Window.csproj", "{85FCF24E-55FB-4395-B71D-21BC16D51448}"
EndProject
Project("{9A19103F-16F7-4668-BE54-9A1E7A4F7556}") = "window", "libs\SFML.Net\examples\window\window.csproj", "{69800D01-C2A5-4D1B-8D6B-5763BD2C575E}"
EndProject
Project("{FAE04EC0-301F-11D3-BF4B-00C04F79EFBC}") = "Distributed", "libs\CommonLibs\Distributed\Distributed.csproj", "{29A1A723-1874-416B-9F99-73C698D2F173}"
EndProject
Global
	GlobalSection(SolutionConfigurationPlatforms) = preSolution
		_LINUX_|Any CPU = _LINUX_|Any CPU
		_LINUX_|x64 = _LINUX_|x64
		_OSX_|Any CPU = _OSX_|Any CPU
		_OSX_|x64 = _OSX_|x64
		_WINDOWS_|Any CPU = _WINDOWS_|Any CPU
		_WINDOWS_|x64 = _WINDOWS_|x64
		Debug|Any CPU = Debug|Any CPU
		Debug|x64 = Debug|x64
		Release|Any CPU = Release|Any CPU
		Release|x64 = Release|x64
	EndGlobalSection
	GlobalSection(ProjectConfigurationPlatforms) = postSolution
		{C64F119E-C6E4-4532-88FD-125409453388}._LINUX_|Any CPU.ActiveCfg = Release|Any CPU
		{C64F119E-C6E4-4532-88FD-125409453388}._LINUX_|Any CPU.Build.0 = Release|Any CPU
		{C64F119E-C6E4-4532-88FD-125409453388}._LINUX_|x64.ActiveCfg = Release|x64
		{C64F119E-C6E4-4532-88FD-125409453388}._LINUX_|x64.Build.0 = Release|x64
		{C64F119E-C6E4-4532-88FD-125409453388}._OSX_|Any CPU.ActiveCfg = Release|Any CPU
		{C64F119E-C6E4-4532-88FD-125409453388}._OSX_|Any CPU.Build.0 = Release|Any CPU
		{C64F119E-C6E4-4532-88FD-125409453388}._OSX_|x64.ActiveCfg = Release|x64
		{C64F119E-C6E4-4532-88FD-125409453388}._OSX_|x64.Build.0 = Release|x64
		{C64F119E-C6E4-4532-88FD-125409453388}._WINDOWS_|Any CPU.ActiveCfg = Release|Any CPU
		{C64F119E-C6E4-4532-88FD-125409453388}._WINDOWS_|Any CPU.Build.0 = Release|Any CPU
		{C64F119E-C6E4-4532-88FD-125409453388}._WINDOWS_|x64.ActiveCfg = Release|x64
		{C64F119E-C6E4-4532-88FD-125409453388}._WINDOWS_|x64.Build.0 = Release|x64
		{C64F119E-C6E4-4532-88FD-125409453388}.Debug|Any CPU.ActiveCfg = Debug|Any CPU
		{C64F119E-C6E4-4532-88FD-125409453388}.Debug|Any CPU.Build.0 = Debug|Any CPU
		{C64F119E-C6E4-4532-88FD-125409453388}.Debug|x64.ActiveCfg = Debug|x64
		{C64F119E-C6E4-4532-88FD-125409453388}.Debug|x64.Build.0 = Debug|x64
		{C64F119E-C6E4-4532-88FD-125409453388}.Release|Any CPU.ActiveCfg = Release|Any CPU
		{C64F119E-C6E4-4532-88FD-125409453388}.Release|Any CPU.Build.0 = Release|Any CPU
		{C64F119E-C6E4-4532-88FD-125409453388}.Release|x64.ActiveCfg = Release|x64
		{C64F119E-C6E4-4532-88FD-125409453388}.Release|x64.Build.0 = Release|x64
		{5F729700-2058-4223-B311-A9AA2EC4D7BC}._LINUX_|Any CPU.ActiveCfg = Release|Any CPU
		{5F729700-2058-4223-B311-A9AA2EC4D7BC}._LINUX_|Any CPU.Build.0 = Release|Any CPU
		{5F729700-2058-4223-B311-A9AA2EC4D7BC}._LINUX_|x64.ActiveCfg = Release|Any CPU
		{5F729700-2058-4223-B311-A9AA2EC4D7BC}._LINUX_|x64.Build.0 = Release|Any CPU
		{5F729700-2058-4223-B311-A9AA2EC4D7BC}._OSX_|Any CPU.ActiveCfg = Release|Any CPU
		{5F729700-2058-4223-B311-A9AA2EC4D7BC}._OSX_|Any CPU.Build.0 = Release|Any CPU
		{5F729700-2058-4223-B311-A9AA2EC4D7BC}._OSX_|x64.ActiveCfg = Release|Any CPU
		{5F729700-2058-4223-B311-A9AA2EC4D7BC}._OSX_|x64.Build.0 = Release|Any CPU
		{5F729700-2058-4223-B311-A9AA2EC4D7BC}._WINDOWS_|Any CPU.ActiveCfg = Release|Any CPU
		{5F729700-2058-4223-B311-A9AA2EC4D7BC}._WINDOWS_|Any CPU.Build.0 = Release|Any CPU
		{5F729700-2058-4223-B311-A9AA2EC4D7BC}._WINDOWS_|x64.ActiveCfg = Release|Any CPU
		{5F729700-2058-4223-B311-A9AA2EC4D7BC}._WINDOWS_|x64.Build.0 = Release|Any CPU
		{5F729700-2058-4223-B311-A9AA2EC4D7BC}.Debug|Any CPU.ActiveCfg = Debug|Any CPU
		{5F729700-2058-4223-B311-A9AA2EC4D7BC}.Debug|Any CPU.Build.0 = Debug|Any CPU
		{5F729700-2058-4223-B311-A9AA2EC4D7BC}.Debug|x64.ActiveCfg = Debug|Any CPU
		{5F729700-2058-4223-B311-A9AA2EC4D7BC}.Debug|x64.Build.0 = Debug|Any CPU
		{5F729700-2058-4223-B311-A9AA2EC4D7BC}.Release|Any CPU.ActiveCfg = Release|Any CPU
		{5F729700-2058-4223-B311-A9AA2EC4D7BC}.Release|Any CPU.Build.0 = Release|Any CPU
		{5F729700-2058-4223-B311-A9AA2EC4D7BC}.Release|x64.ActiveCfg = Release|Any CPU
		{5F729700-2058-4223-B311-A9AA2EC4D7BC}.Release|x64.Build.0 = Release|Any CPU
		{027B5D66-3F84-4AED-98AD-ECB9A97D900A}._LINUX_|Any CPU.ActiveCfg = Release|Any CPU
		{027B5D66-3F84-4AED-98AD-ECB9A97D900A}._LINUX_|Any CPU.Build.0 = Release|Any CPU
		{027B5D66-3F84-4AED-98AD-ECB9A97D900A}._LINUX_|x64.ActiveCfg = Release|Any CPU
		{027B5D66-3F84-4AED-98AD-ECB9A97D900A}._LINUX_|x64.Build.0 = Release|Any CPU
		{027B5D66-3F84-4AED-98AD-ECB9A97D900A}._OSX_|Any CPU.ActiveCfg = Release|Any CPU
		{027B5D66-3F84-4AED-98AD-ECB9A97D900A}._OSX_|Any CPU.Build.0 = Release|Any CPU
		{027B5D66-3F84-4AED-98AD-ECB9A97D900A}._OSX_|x64.ActiveCfg = Release|Any CPU
		{027B5D66-3F84-4AED-98AD-ECB9A97D900A}._OSX_|x64.Build.0 = Release|Any CPU
		{027B5D66-3F84-4AED-98AD-ECB9A97D900A}._WINDOWS_|Any CPU.ActiveCfg = Release|Any CPU
		{027B5D66-3F84-4AED-98AD-ECB9A97D900A}._WINDOWS_|Any CPU.Build.0 = Release|Any CPU
		{027B5D66-3F84-4AED-98AD-ECB9A97D900A}._WINDOWS_|x64.ActiveCfg = Release|Any CPU
		{027B5D66-3F84-4AED-98AD-ECB9A97D900A}._WINDOWS_|x64.Build.0 = Release|Any CPU
		{027B5D66-3F84-4AED-98AD-ECB9A97D900A}.Debug|Any CPU.ActiveCfg = Debug|Any CPU
		{027B5D66-3F84-4AED-98AD-ECB9A97D900A}.Debug|Any CPU.Build.0 = Debug|Any CPU
		{027B5D66-3F84-4AED-98AD-ECB9A97D900A}.Debug|x64.ActiveCfg = Debug|Any CPU
		{027B5D66-3F84-4AED-98AD-ECB9A97D900A}.Debug|x64.Build.0 = Debug|Any CPU
		{027B5D66-3F84-4AED-98AD-ECB9A97D900A}.Release|Any CPU.ActiveCfg = Release|Any CPU
		{027B5D66-3F84-4AED-98AD-ECB9A97D900A}.Release|Any CPU.Build.0 = Release|Any CPU
		{027B5D66-3F84-4AED-98AD-ECB9A97D900A}.Release|x64.ActiveCfg = Release|Any CPU
		{027B5D66-3F84-4AED-98AD-ECB9A97D900A}.Release|x64.Build.0 = Release|Any CPU
		{FA74AB35-B297-466F-B20C-A02A85E32449}._LINUX_|Any CPU.ActiveCfg = Debug|Any CPU
		{FA74AB35-B297-466F-B20C-A02A85E32449}._LINUX_|Any CPU.Build.0 = Debug|Any CPU
		{FA74AB35-B297-466F-B20C-A02A85E32449}._LINUX_|x64.ActiveCfg = Debug|Any CPU
		{FA74AB35-B297-466F-B20C-A02A85E32449}._LINUX_|x64.Build.0 = Debug|Any CPU
		{FA74AB35-B297-466F-B20C-A02A85E32449}._OSX_|Any CPU.ActiveCfg = Debug|Any CPU
		{FA74AB35-B297-466F-B20C-A02A85E32449}._OSX_|Any CPU.Build.0 = Debug|Any CPU
		{FA74AB35-B297-466F-B20C-A02A85E32449}._OSX_|x64.ActiveCfg = Debug|Any CPU
		{FA74AB35-B297-466F-B20C-A02A85E32449}._OSX_|x64.Build.0 = Debug|Any CPU
		{FA74AB35-B297-466F-B20C-A02A85E32449}._WINDOWS_|Any CPU.ActiveCfg = Debug|Any CPU
		{FA74AB35-B297-466F-B20C-A02A85E32449}._WINDOWS_|Any CPU.Build.0 = Debug|Any CPU
		{FA74AB35-B297-466F-B20C-A02A85E32449}._WINDOWS_|x64.ActiveCfg = Debug|Any CPU
		{FA74AB35-B297-466F-B20C-A02A85E32449}._WINDOWS_|x64.Build.0 = Debug|Any CPU
		{FA74AB35-B297-466F-B20C-A02A85E32449}.Debug|Any CPU.ActiveCfg = Debug|Any CPU
		{FA74AB35-B297-466F-B20C-A02A85E32449}.Debug|Any CPU.Build.0 = Debug|Any CPU
		{FA74AB35-B297-466F-B20C-A02A85E32449}.Debug|x64.ActiveCfg = Debug|Any CPU
		{FA74AB35-B297-466F-B20C-A02A85E32449}.Debug|x64.Build.0 = Debug|Any CPU
		{FA74AB35-B297-466F-B20C-A02A85E32449}.Release|Any CPU.ActiveCfg = Release|Any CPU
		{FA74AB35-B297-466F-B20C-A02A85E32449}.Release|Any CPU.Build.0 = Release|Any CPU
		{FA74AB35-B297-466F-B20C-A02A85E32449}.Release|x64.ActiveCfg = Release|Any CPU
		{FA74AB35-B297-466F-B20C-A02A85E32449}.Release|x64.Build.0 = Release|Any CPU
		{6AE3AB23-DB90-45C8-9719-619731CB8DDC}._LINUX_|Any CPU.ActiveCfg = Debug|Any CPU
		{6AE3AB23-DB90-45C8-9719-619731CB8DDC}._LINUX_|Any CPU.Build.0 = Debug|Any CPU
		{6AE3AB23-DB90-45C8-9719-619731CB8DDC}._LINUX_|x64.ActiveCfg = Debug|Any CPU
		{6AE3AB23-DB90-45C8-9719-619731CB8DDC}._LINUX_|x64.Build.0 = Debug|Any CPU
		{6AE3AB23-DB90-45C8-9719-619731CB8DDC}._OSX_|Any CPU.ActiveCfg = Debug|Any CPU
		{6AE3AB23-DB90-45C8-9719-619731CB8DDC}._OSX_|Any CPU.Build.0 = Debug|Any CPU
		{6AE3AB23-DB90-45C8-9719-619731CB8DDC}._OSX_|x64.ActiveCfg = Debug|Any CPU
		{6AE3AB23-DB90-45C8-9719-619731CB8DDC}._OSX_|x64.Build.0 = Debug|Any CPU
		{6AE3AB23-DB90-45C8-9719-619731CB8DDC}._WINDOWS_|Any CPU.ActiveCfg = Debug|Any CPU
		{6AE3AB23-DB90-45C8-9719-619731CB8DDC}._WINDOWS_|Any CPU.Build.0 = Debug|Any CPU
		{6AE3AB23-DB90-45C8-9719-619731CB8DDC}._WINDOWS_|x64.ActiveCfg = Debug|Any CPU
		{6AE3AB23-DB90-45C8-9719-619731CB8DDC}._WINDOWS_|x64.Build.0 = Debug|Any CPU
		{6AE3AB23-DB90-45C8-9719-619731CB8DDC}.Debug|Any CPU.ActiveCfg = Debug|Any CPU
		{6AE3AB23-DB90-45C8-9719-619731CB8DDC}.Debug|Any CPU.Build.0 = Debug|Any CPU
		{6AE3AB23-DB90-45C8-9719-619731CB8DDC}.Debug|x64.ActiveCfg = Debug|Any CPU
		{6AE3AB23-DB90-45C8-9719-619731CB8DDC}.Debug|x64.Build.0 = Debug|Any CPU
		{6AE3AB23-DB90-45C8-9719-619731CB8DDC}.Release|Any CPU.ActiveCfg = Release|Any CPU
		{6AE3AB23-DB90-45C8-9719-619731CB8DDC}.Release|Any CPU.Build.0 = Release|Any CPU
		{6AE3AB23-DB90-45C8-9719-619731CB8DDC}.Release|x64.ActiveCfg = Release|Any CPU
		{6AE3AB23-DB90-45C8-9719-619731CB8DDC}.Release|x64.Build.0 = Release|Any CPU
		{8F9C8553-C01A-4973-B542-122314639E8D}._LINUX_|Any CPU.ActiveCfg = Debug|Any CPU
		{8F9C8553-C01A-4973-B542-122314639E8D}._LINUX_|Any CPU.Build.0 = Debug|Any CPU
		{8F9C8553-C01A-4973-B542-122314639E8D}._LINUX_|x64.ActiveCfg = Debug|Any CPU
		{8F9C8553-C01A-4973-B542-122314639E8D}._LINUX_|x64.Build.0 = Debug|Any CPU
		{8F9C8553-C01A-4973-B542-122314639E8D}._OSX_|Any CPU.ActiveCfg = Debug|Any CPU
		{8F9C8553-C01A-4973-B542-122314639E8D}._OSX_|Any CPU.Build.0 = Debug|Any CPU
		{8F9C8553-C01A-4973-B542-122314639E8D}._OSX_|x64.ActiveCfg = Debug|Any CPU
		{8F9C8553-C01A-4973-B542-122314639E8D}._OSX_|x64.Build.0 = Debug|Any CPU
		{8F9C8553-C01A-4973-B542-122314639E8D}._WINDOWS_|Any CPU.ActiveCfg = Debug|Any CPU
		{8F9C8553-C01A-4973-B542-122314639E8D}._WINDOWS_|Any CPU.Build.0 = Debug|Any CPU
		{8F9C8553-C01A-4973-B542-122314639E8D}._WINDOWS_|x64.ActiveCfg = Debug|Any CPU
		{8F9C8553-C01A-4973-B542-122314639E8D}._WINDOWS_|x64.Build.0 = Debug|Any CPU
		{8F9C8553-C01A-4973-B542-122314639E8D}.Debug|Any CPU.ActiveCfg = Debug|Any CPU
		{8F9C8553-C01A-4973-B542-122314639E8D}.Debug|Any CPU.Build.0 = Debug|Any CPU
		{8F9C8553-C01A-4973-B542-122314639E8D}.Debug|x64.ActiveCfg = Debug|Any CPU
		{8F9C8553-C01A-4973-B542-122314639E8D}.Debug|x64.Build.0 = Debug|Any CPU
		{8F9C8553-C01A-4973-B542-122314639E8D}.Release|Any CPU.ActiveCfg = Release|Any CPU
		{8F9C8553-C01A-4973-B542-122314639E8D}.Release|Any CPU.Build.0 = Release|Any CPU
		{8F9C8553-C01A-4973-B542-122314639E8D}.Release|x64.ActiveCfg = Release|Any CPU
		{8F9C8553-C01A-4973-B542-122314639E8D}.Release|x64.Build.0 = Release|Any CPU
		{55BA7CB3-89D6-4D26-ACBD-CAB6370479EC}._LINUX_|Any CPU.ActiveCfg = Debug|Any CPU
		{55BA7CB3-89D6-4D26-ACBD-CAB6370479EC}._LINUX_|Any CPU.Build.0 = Debug|Any CPU
		{55BA7CB3-89D6-4D26-ACBD-CAB6370479EC}._LINUX_|x64.ActiveCfg = Debug|Any CPU
		{55BA7CB3-89D6-4D26-ACBD-CAB6370479EC}._LINUX_|x64.Build.0 = Debug|Any CPU
		{55BA7CB3-89D6-4D26-ACBD-CAB6370479EC}._OSX_|Any CPU.ActiveCfg = Debug|Any CPU
		{55BA7CB3-89D6-4D26-ACBD-CAB6370479EC}._OSX_|Any CPU.Build.0 = Debug|Any CPU
		{55BA7CB3-89D6-4D26-ACBD-CAB6370479EC}._OSX_|x64.ActiveCfg = Debug|Any CPU
		{55BA7CB3-89D6-4D26-ACBD-CAB6370479EC}._OSX_|x64.Build.0 = Debug|Any CPU
		{55BA7CB3-89D6-4D26-ACBD-CAB6370479EC}._WINDOWS_|Any CPU.ActiveCfg = Debug|Any CPU
		{55BA7CB3-89D6-4D26-ACBD-CAB6370479EC}._WINDOWS_|Any CPU.Build.0 = Debug|Any CPU
		{55BA7CB3-89D6-4D26-ACBD-CAB6370479EC}._WINDOWS_|x64.ActiveCfg = Debug|Any CPU
		{55BA7CB3-89D6-4D26-ACBD-CAB6370479EC}._WINDOWS_|x64.Build.0 = Debug|Any CPU
		{55BA7CB3-89D6-4D26-ACBD-CAB6370479EC}.Debug|Any CPU.ActiveCfg = Debug|Any CPU
		{55BA7CB3-89D6-4D26-ACBD-CAB6370479EC}.Debug|Any CPU.Build.0 = Debug|Any CPU
		{55BA7CB3-89D6-4D26-ACBD-CAB6370479EC}.Debug|x64.ActiveCfg = Debug|Any CPU
		{55BA7CB3-89D6-4D26-ACBD-CAB6370479EC}.Debug|x64.Build.0 = Debug|Any CPU
		{55BA7CB3-89D6-4D26-ACBD-CAB6370479EC}.Release|Any CPU.ActiveCfg = Release|Any CPU
		{55BA7CB3-89D6-4D26-ACBD-CAB6370479EC}.Release|Any CPU.Build.0 = Release|Any CPU
		{55BA7CB3-89D6-4D26-ACBD-CAB6370479EC}.Release|x64.ActiveCfg = Release|Any CPU
		{55BA7CB3-89D6-4D26-ACBD-CAB6370479EC}.Release|x64.Build.0 = Release|Any CPU
		{7982A34B-126A-4E27-8878-013241AAE887}._LINUX_|Any CPU.ActiveCfg = Debug|Any CPU
		{7982A34B-126A-4E27-8878-013241AAE887}._LINUX_|Any CPU.Build.0 = Debug|Any CPU
		{7982A34B-126A-4E27-8878-013241AAE887}._LINUX_|x64.ActiveCfg = Debug|Any CPU
		{7982A34B-126A-4E27-8878-013241AAE887}._LINUX_|x64.Build.0 = Debug|Any CPU
		{7982A34B-126A-4E27-8878-013241AAE887}._OSX_|Any CPU.ActiveCfg = Debug|Any CPU
		{7982A34B-126A-4E27-8878-013241AAE887}._OSX_|Any CPU.Build.0 = Debug|Any CPU
		{7982A34B-126A-4E27-8878-013241AAE887}._OSX_|x64.ActiveCfg = Debug|Any CPU
		{7982A34B-126A-4E27-8878-013241AAE887}._OSX_|x64.Build.0 = Debug|Any CPU
		{7982A34B-126A-4E27-8878-013241AAE887}._WINDOWS_|Any CPU.ActiveCfg = Debug|Any CPU
		{7982A34B-126A-4E27-8878-013241AAE887}._WINDOWS_|Any CPU.Build.0 = Debug|Any CPU
		{7982A34B-126A-4E27-8878-013241AAE887}._WINDOWS_|x64.ActiveCfg = Debug|Any CPU
		{7982A34B-126A-4E27-8878-013241AAE887}._WINDOWS_|x64.Build.0 = Debug|Any CPU
		{7982A34B-126A-4E27-8878-013241AAE887}.Debug|Any CPU.ActiveCfg = Debug|Any CPU
		{7982A34B-126A-4E27-8878-013241AAE887}.Debug|Any CPU.Build.0 = Debug|Any CPU
		{7982A34B-126A-4E27-8878-013241AAE887}.Debug|x64.ActiveCfg = Debug|Any CPU
		{7982A34B-126A-4E27-8878-013241AAE887}.Debug|x64.Build.0 = Debug|Any CPU
		{7982A34B-126A-4E27-8878-013241AAE887}.Release|Any CPU.ActiveCfg = Release|Any CPU
		{7982A34B-126A-4E27-8878-013241AAE887}.Release|Any CPU.Build.0 = Release|Any CPU
		{7982A34B-126A-4E27-8878-013241AAE887}.Release|x64.ActiveCfg = Release|Any CPU
		{7982A34B-126A-4E27-8878-013241AAE887}.Release|x64.Build.0 = Release|Any CPU
		{85FCF24E-55FB-4395-B71D-21BC16D51448}._LINUX_|Any CPU.ActiveCfg = Debug|Any CPU
		{85FCF24E-55FB-4395-B71D-21BC16D51448}._LINUX_|Any CPU.Build.0 = Debug|Any CPU
		{85FCF24E-55FB-4395-B71D-21BC16D51448}._LINUX_|x64.ActiveCfg = Debug|Any CPU
		{85FCF24E-55FB-4395-B71D-21BC16D51448}._LINUX_|x64.Build.0 = Debug|Any CPU
		{85FCF24E-55FB-4395-B71D-21BC16D51448}._OSX_|Any CPU.ActiveCfg = Debug|Any CPU
		{85FCF24E-55FB-4395-B71D-21BC16D51448}._OSX_|Any CPU.Build.0 = Debug|Any CPU
		{85FCF24E-55FB-4395-B71D-21BC16D51448}._OSX_|x64.ActiveCfg = Debug|Any CPU
		{85FCF24E-55FB-4395-B71D-21BC16D51448}._OSX_|x64.Build.0 = Debug|Any CPU
		{85FCF24E-55FB-4395-B71D-21BC16D51448}._WINDOWS_|Any CPU.ActiveCfg = Debug|Any CPU
		{85FCF24E-55FB-4395-B71D-21BC16D51448}._WINDOWS_|Any CPU.Build.0 = Debug|Any CPU
		{85FCF24E-55FB-4395-B71D-21BC16D51448}._WINDOWS_|x64.ActiveCfg = Debug|Any CPU
		{85FCF24E-55FB-4395-B71D-21BC16D51448}._WINDOWS_|x64.Build.0 = Debug|Any CPU
		{85FCF24E-55FB-4395-B71D-21BC16D51448}.Debug|Any CPU.ActiveCfg = Debug|Any CPU
		{85FCF24E-55FB-4395-B71D-21BC16D51448}.Debug|Any CPU.Build.0 = Debug|Any CPU
		{85FCF24E-55FB-4395-B71D-21BC16D51448}.Debug|x64.ActiveCfg = Debug|Any CPU
		{85FCF24E-55FB-4395-B71D-21BC16D51448}.Debug|x64.Build.0 = Debug|Any CPU
		{85FCF24E-55FB-4395-B71D-21BC16D51448}.Release|Any CPU.ActiveCfg = Release|Any CPU
		{85FCF24E-55FB-4395-B71D-21BC16D51448}.Release|Any CPU.Build.0 = Release|Any CPU
		{85FCF24E-55FB-4395-B71D-21BC16D51448}.Release|x64.ActiveCfg = Release|Any CPU
		{85FCF24E-55FB-4395-B71D-21BC16D51448}.Release|x64.Build.0 = Release|Any CPU
		{69800D01-C2A5-4D1B-8D6B-5763BD2C575E}._LINUX_|Any CPU.ActiveCfg = _LINUX_|Any CPU
		{69800D01-C2A5-4D1B-8D6B-5763BD2C575E}._LINUX_|Any CPU.Build.0 = _LINUX_|Any CPU
		{69800D01-C2A5-4D1B-8D6B-5763BD2C575E}._LINUX_|x64.ActiveCfg = _LINUX_|Any CPU
		{69800D01-C2A5-4D1B-8D6B-5763BD2C575E}._LINUX_|x64.Build.0 = _LINUX_|Any CPU
		{69800D01-C2A5-4D1B-8D6B-5763BD2C575E}._OSX_|Any CPU.ActiveCfg = _OSX_|Any CPU
		{69800D01-C2A5-4D1B-8D6B-5763BD2C575E}._OSX_|Any CPU.Build.0 = _OSX_|Any CPU
		{69800D01-C2A5-4D1B-8D6B-5763BD2C575E}._OSX_|x64.ActiveCfg = _OSX_|Any CPU
		{69800D01-C2A5-4D1B-8D6B-5763BD2C575E}._OSX_|x64.Build.0 = _OSX_|Any CPU
		{69800D01-C2A5-4D1B-8D6B-5763BD2C575E}._WINDOWS_|Any CPU.ActiveCfg = _WINDOWS_|Any CPU
		{69800D01-C2A5-4D1B-8D6B-5763BD2C575E}._WINDOWS_|Any CPU.Build.0 = _WINDOWS_|Any CPU
		{69800D01-C2A5-4D1B-8D6B-5763BD2C575E}._WINDOWS_|x64.ActiveCfg = _WINDOWS_|Any CPU
		{69800D01-C2A5-4D1B-8D6B-5763BD2C575E}._WINDOWS_|x64.Build.0 = _WINDOWS_|Any CPU
		{69800D01-C2A5-4D1B-8D6B-5763BD2C575E}.Debug|Any CPU.ActiveCfg = Debug|Any CPU
		{69800D01-C2A5-4D1B-8D6B-5763BD2C575E}.Debug|Any CPU.Build.0 = Debug|Any CPU
		{69800D01-C2A5-4D1B-8D6B-5763BD2C575E}.Debug|x64.ActiveCfg = Debug|Any CPU
		{69800D01-C2A5-4D1B-8D6B-5763BD2C575E}.Debug|x64.Build.0 = Debug|Any CPU
		{69800D01-C2A5-4D1B-8D6B-5763BD2C575E}.Release|Any CPU.ActiveCfg = Release|Any CPU
		{69800D01-C2A5-4D1B-8D6B-5763BD2C575E}.Release|Any CPU.Build.0 = Release|Any CPU
		{69800D01-C2A5-4D1B-8D6B-5763BD2C575E}.Release|x64.ActiveCfg = Release|Any CPU
		{69800D01-C2A5-4D1B-8D6B-5763BD2C575E}.Release|x64.Build.0 = Release|Any CPU
		{29A1A723-1874-416B-9F99-73C698D2F173}._LINUX_|Any CPU.ActiveCfg = Debug|Any CPU
		{29A1A723-1874-416B-9F99-73C698D2F173}._LINUX_|Any CPU.Build.0 = Debug|Any CPU
		{29A1A723-1874-416B-9F99-73C698D2F173}._LINUX_|x64.ActiveCfg = Debug|Any CPU
		{29A1A723-1874-416B-9F99-73C698D2F173}._LINUX_|x64.Build.0 = Debug|Any CPU
		{29A1A723-1874-416B-9F99-73C698D2F173}._OSX_|Any CPU.ActiveCfg = Debug|Any CPU
		{29A1A723-1874-416B-9F99-73C698D2F173}._OSX_|Any CPU.Build.0 = Debug|Any CPU
		{29A1A723-1874-416B-9F99-73C698D2F173}._OSX_|x64.ActiveCfg = Debug|Any CPU
		{29A1A723-1874-416B-9F99-73C698D2F173}._OSX_|x64.Build.0 = Debug|Any CPU
		{29A1A723-1874-416B-9F99-73C698D2F173}._WINDOWS_|Any CPU.ActiveCfg = Debug|Any CPU
		{29A1A723-1874-416B-9F99-73C698D2F173}._WINDOWS_|Any CPU.Build.0 = Debug|Any CPU
		{29A1A723-1874-416B-9F99-73C698D2F173}._WINDOWS_|x64.ActiveCfg = Debug|Any CPU
		{29A1A723-1874-416B-9F99-73C698D2F173}._WINDOWS_|x64.Build.0 = Debug|Any CPU
		{29A1A723-1874-416B-9F99-73C698D2F173}.Debug|Any CPU.ActiveCfg = Debug|Any CPU
		{29A1A723-1874-416B-9F99-73C698D2F173}.Debug|Any CPU.Build.0 = Debug|Any CPU
		{29A1A723-1874-416B-9F99-73C698D2F173}.Debug|x64.ActiveCfg = Debug|Any CPU
		{29A1A723-1874-416B-9F99-73C698D2F173}.Debug|x64.Build.0 = Debug|Any CPU
		{29A1A723-1874-416B-9F99-73C698D2F173}.Release|Any CPU.ActiveCfg = Release|Any CPU
		{29A1A723-1874-416B-9F99-73C698D2F173}.Release|Any CPU.Build.0 = Release|Any CPU
		{29A1A723-1874-416B-9F99-73C698D2F173}.Release|x64.ActiveCfg = Release|Any CPU
		{29A1A723-1874-416B-9F99-73C698D2F173}.Release|x64.Build.0 = Release|Any CPU
	EndGlobalSection
	GlobalSection(SolutionProperties) = preSolution
		HideSolutionNode = FALSE
	EndGlobalSection
	GlobalSection(NestedProjects) = preSolution
		{C64F119E-C6E4-4532-88FD-125409453388} = {EA75A3F0-1337-40B7-89E2-30DAB813D620}
		{5F729700-2058-4223-B311-A9AA2EC4D7BC} = {80AB0BBB-A15A-4D9F-B54F-B382808DD2F0}
		{027B5D66-3F84-4AED-98AD-ECB9A97D900A} = {EA75A3F0-1337-40B7-89E2-30DAB813D620}
		{FA74AB35-B297-466F-B20C-A02A85E32449} = {EA75A3F0-1337-40B7-89E2-30DAB813D620}
		{6AE3AB23-DB90-45C8-9719-619731CB8DDC} = {EA75A3F0-1337-40B7-89E2-30DAB813D620}
		{8F9C8553-C01A-4973-B542-122314639E8D} = {EA75A3F0-1337-40B7-89E2-30DAB813D620}
		{55BA7CB3-89D6-4D26-ACBD-CAB6370479EC} = {EA75A3F0-1337-40B7-89E2-30DAB813D620}
		{7982A34B-126A-4E27-8878-013241AAE887} = {EA75A3F0-1337-40B7-89E2-30DAB813D620}
		{85FCF24E-55FB-4395-B71D-21BC16D51448} = {EA75A3F0-1337-40B7-89E2-30DAB813D620}
		{69800D01-C2A5-4D1B-8D6B-5763BD2C575E} = {80AB0BBB-A15A-4D9F-B54F-B382808DD2F0}
		{29A1A723-1874-416B-9F99-73C698D2F173} = {EA75A3F0-1337-40B7-89E2-30DAB813D620}
	EndGlobalSection
	GlobalSection(ExtensibilityGlobals) = postSolution
		SolutionGuid = {60A2111C-4641-4430-BA0E-384216EC44EA}
	EndGlobalSection
EndGlobal
